
Microsoft Visual Studio Solution File, Format Version 12.00
# Visual Studio 2012
Project("{D954291E-2A0B-460D-934E-DC6B0785DB48}") = "ListViewBasic", "ListViewBasic\ListViewBasic.shproj", "{FF2E566F-4B75-413A-B0E9-50DAFC8910D9}"
EndProject
Project("{FAE04EC0-301F-11D3-BF4B-00C04F79EFBC}") = "ListViewBasic.iOS", "iOS\ListViewBasic.iOS.csproj", "{C005A052-F2FD-4A99-B206-63E99D291869}"
EndProject
Project("{FAE04EC0-301F-11D3-BF4B-00C04F79EFBC}") = "ListViewBasic.Droid", "Droid\ListViewBasic.Droid.csproj", "{A60A09CC-8B00-4CF1-B977-6676A3383315}"
EndProject
Global
	GlobalSection(SolutionConfigurationPlatforms) = preSolution
		Debug|iPhoneSimulator = Debug|iPhoneSimulator
		Release|iPhone = Release|iPhone
		Release|iPhoneSimulator = Release|iPhoneSimulator
		Debug|iPhone = Debug|iPhone
		Debug|Any CPU = Debug|Any CPU
		Release|Any CPU = Release|Any CPU
	EndGlobalSection
	GlobalSection(ProjectConfigurationPlatforms) = postSolution
		{A60A09CC-8B00-4CF1-B977-6676A3383315}.Debug|Any CPU.ActiveCfg = Debug|Any CPU
		{A60A09CC-8B00-4CF1-B977-6676A3383315}.Debug|Any CPU.Build.0 = Debug|Any CPU
		{A60A09CC-8B00-4CF1-B977-6676A3383315}.Debug|iPhone.ActiveCfg = Debug|Any CPU
		{A60A09CC-8B00-4CF1-B977-6676A3383315}.Debug|iPhone.Build.0 = Debug|Any CPU
		{A60A09CC-8B00-4CF1-B977-6676A3383315}.Debug|iPhoneSimulator.ActiveCfg = Debug|Any CPU
		{A60A09CC-8B00-4CF1-B977-6676A3383315}.Debug|iPhoneSimulator.Build.0 = Debug|Any CPU
		{A60A09CC-8B00-4CF1-B977-6676A3383315}.Release|Any CPU.ActiveCfg = Release|Any CPU
		{A60A09CC-8B00-4CF1-B977-6676A3383315}.Release|Any CPU.Build.0 = Release|Any CPU
		{A60A09CC-8B00-4CF1-B977-6676A3383315}.Release|iPhone.ActiveCfg = Release|Any CPU
		{A60A09CC-8B00-4CF1-B977-6676A3383315}.Release|iPhone.Build.0 = Release|Any CPU
		{A60A09CC-8B00-4CF1-B977-6676A3383315}.Release|iPhoneSimulator.ActiveCfg = Release|Any CPU
		{A60A09CC-8B00-4CF1-B977-6676A3383315}.Release|iPhoneSimulator.Build.0 = Release|Any CPU
		{C005A052-F2FD-4A99-B206-63E99D291869}.Debug|Any CPU.ActiveCfg = Debug|iPhoneSimulator
		{C005A052-F2FD-4A99-B206-63E99D291869}.Debug|Any CPU.Build.0 = Debug|iPhoneSimulator
		{C005A052-F2FD-4A99-B206-63E99D291869}.Debug|iPhone.ActiveCfg = Debug|iPhone
		{C005A052-F2FD-4A99-B206-63E99D291869}.Debug|iPhone.Build.0 = Debug|iPhone
		{C005A052-F2FD-4A99-B206-63E99D291869}.Debug|iPhoneSimulator.ActiveCfg = Debug|iPhoneSimulator
		{C005A052-F2FD-4A99-B206-63E99D291869}.Debug|iPhoneSimulator.Build.0 = Debug|iPhoneSimulator
		{C005A052-F2FD-4A99-B206-63E99D291869}.Release|Any CPU.ActiveCfg = Release|iPhone
		{C005A052-F2FD-4A99-B206-63E99D291869}.Release|Any CPU.Build.0 = Release|iPhone
		{C005A052-F2FD-4A99-B206-63E99D291869}.Release|iPhone.ActiveCfg = Release|iPhone
		{C005A052-F2FD-4A99-B206-63E99D291869}.Release|iPhone.Build.0 = Release|iPhone
		{C005A052-F2FD-4A99-B206-63E99D291869}.Release|iPhoneSimulator.ActiveCfg = Release|iPhoneSimulator
		{C005A052-F2FD-4A99-B206-63E99D291869}.Release|iPhoneSimulator.Build.0 = Release|iPhoneSimulator
	EndGlobalSection
EndGlobal
